{
  "requires": true,
  "lockfileVersion": 1,
  "dependencies": {
    "primeng": {
      "version": "9.0.6",
      "resolved": "https://registry.npmjs.org/primeng/-/primeng-9.0.6.tgz",
      "integrity": "sha512-RGVTkXwHTb7609zTU/uJFYdbJV124kOwrMiwnHjFn6UkwmS3yTX0Kkr21v8KOTJqsKLq3OWVYhkOwvUklipAAg=="
    }
  }
}
